
Microsoft Visual Studio Solution File, Format Version 12.00
# Visual Studio Version 17
VisualStudioVersion = 17.13.35825.156 d17.13
MinimumVisualStudioVersion = 10.0.40219.1
Project("{FAE04EC0-301F-11D3-BF4B-00C04F79EFBC}") = "CapaPresentacion", "CapaPresentacion\CapaPresentacion.csproj", "{5C0B7788-E814-4716-A775-CF124D24484E}"
EndProject
Project("{FAE04EC0-301F-11D3-BF4B-00C04F79EFBC}") = "CapaEntidad", "CapaEntidad\CapaEntidad.csproj", "{CFB9920F-AD59-4B91-AAA7-3F58957A5297}"
EndProject
Project("{FAE04EC0-301F-11D3-BF4B-00C04F79EFBC}") = "CapaNegocio", "CapaNegocio\CapaNegocio.csproj", "{046299C9-6983-465E-BC2D-9659A1DA287F}"
EndProject
Project("{FAE04EC0-301F-11D3-BF4B-00C04F79EFBC}") = "CapaDatos", "CapaDatos\CapaDatos.csproj", "{EBF2375A-A393-4AA2-A1F3-9DA458AD91E9}"
EndProject
Global
	GlobalSection(SolutionConfigurationPlatforms) = preSolution
		Debug|Any CPU = Debug|Any CPU
		Release|Any CPU = Release|Any CPU
	EndGlobalSection
	GlobalSection(ProjectConfigurationPlatforms) = postSolution
		{5C0B7788-E814-4716-A775-CF124D24484E}.Debug|Any CPU.ActiveCfg = Debug|Any CPU
		{5C0B7788-E814-4716-A775-CF124D24484E}.Debug|Any CPU.Build.0 = Debug|Any CPU
		{5C0B7788-E814-4716-A775-CF124D24484E}.Release|Any CPU.ActiveCfg = Release|Any CPU
		{5C0B7788-E814-4716-A775-CF124D24484E}.Release|Any CPU.Build.0 = Release|Any CPU
		{CFB9920F-AD59-4B91-AAA7-3F58957A5297}.Debug|Any CPU.ActiveCfg = Debug|Any CPU
		{CFB9920F-AD59-4B91-AAA7-3F58957A5297}.Debug|Any CPU.Build.0 = Debug|Any CPU
		{CFB9920F-AD59-4B91-AAA7-3F58957A5297}.Release|Any CPU.ActiveCfg = Release|Any CPU
		{CFB9920F-AD59-4B91-AAA7-3F58957A5297}.Release|Any CPU.Build.0 = Release|Any CPU
		{046299C9-6983-465E-BC2D-9659A1DA287F}.Debug|Any CPU.ActiveCfg = Debug|Any CPU
		{046299C9-6983-465E-BC2D-9659A1DA287F}.Debug|Any CPU.Build.0 = Debug|Any CPU
		{046299C9-6983-465E-BC2D-9659A1DA287F}.Release|Any CPU.ActiveCfg = Release|Any CPU
		{046299C9-6983-465E-BC2D-9659A1DA287F}.Release|Any CPU.Build.0 = Release|Any CPU
		{EBF2375A-A393-4AA2-A1F3-9DA458AD91E9}.Debug|Any CPU.ActiveCfg = Debug|Any CPU
		{EBF2375A-A393-4AA2-A1F3-9DA458AD91E9}.Debug|Any CPU.Build.0 = Debug|Any CPU
		{EBF2375A-A393-4AA2-A1F3-9DA458AD91E9}.Release|Any CPU.ActiveCfg = Release|Any CPU
		{EBF2375A-A393-4AA2-A1F3-9DA458AD91E9}.Release|Any CPU.Build.0 = Release|Any CPU
	EndGlobalSection
	GlobalSection(SolutionProperties) = preSolution
		HideSolutionNode = FALSE
	EndGlobalSection
	GlobalSection(ExtensibilityGlobals) = postSolution
		SolutionGuid = {A1B203E4-B26C-4928-A701-BD0BE9EF3334}
	EndGlobalSection
EndGlobal
